
Microsoft Visual Studio Solution File, Format Version 12.00
# Visual Studio Version 17
VisualStudioVersion = 17.4.33122.133
MinimumVisualStudioVersion = 10.0.40219.1
Project("{FAE04EC0-301F-11D3-BF4B-00C04F79EFBC}") = "API", "API\API.csproj", "{F3505CDD-8DC6-4974-B51B-020DF689FE39}"
EndProject
Global
	GlobalSection(SolutionConfigurationPlatforms) = preSolution
		Debug|Any CPU = Debug|Any CPU
		Release|Any CPU = Release|Any CPU
	EndGlobalSection
	GlobalSection(ProjectConfigurationPlatforms) = postSolution
		{F3505CDD-8DC6-4974-B51B-020DF689FE39}.Debug|Any CPU.ActiveCfg = Debug|Any CPU
		{F3505CDD-8DC6-4974-B51B-020DF689FE39}.Debug|Any CPU.Build.0 = Debug|Any CPU
		{F3505CDD-8DC6-4974-B51B-020DF689FE39}.Release|Any CPU.ActiveCfg = Release|Any CPU
		{F3505CDD-8DC6-4974-B51B-020DF689FE39}.Release|Any CPU.Build.0 = Release|Any CPU
	EndGlobalSection
	GlobalSection(SolutionProperties) = preSolution
		HideSolutionNode = FALSE
	EndGlobalSection
	GlobalSection(ExtensibilityGlobals) = postSolution
		SolutionGuid = {82C66033-A46F-4797-913F-6D6C0FA1C0A7}
	EndGlobalSection
EndGlobal
