
Microsoft Visual Studio Solution File, Format Version 12.00
# Visual Studio Version 17
VisualStudioVersion = 17.4.33122.133
MinimumVisualStudioVersion = 10.0.40219.1
Project("{FAE04EC0-301F-11D3-BF4B-00C04F79EFBC}") = "task12-2", "task12-2\task12-2.csproj", "{90196D85-B0CD-487D-B502-35E4096D1EE9}"
EndProject
Global
	GlobalSection(SolutionConfigurationPlatforms) = preSolution
		Debug|Any CPU = Debug|Any CPU
		Release|Any CPU = Release|Any CPU
	EndGlobalSection
	GlobalSection(ProjectConfigurationPlatforms) = postSolution
		{90196D85-B0CD-487D-B502-35E4096D1EE9}.Debug|Any CPU.ActiveCfg = Debug|Any CPU
		{90196D85-B0CD-487D-B502-35E4096D1EE9}.Debug|Any CPU.Build.0 = Debug|Any CPU
		{90196D85-B0CD-487D-B502-35E4096D1EE9}.Release|Any CPU.ActiveCfg = Release|Any CPU
		{90196D85-B0CD-487D-B502-35E4096D1EE9}.Release|Any CPU.Build.0 = Release|Any CPU
	EndGlobalSection
	GlobalSection(SolutionProperties) = preSolution
		HideSolutionNode = FALSE
	EndGlobalSection
	GlobalSection(ExtensibilityGlobals) = postSolution
		SolutionGuid = {EE34993C-F177-4814-A6A5-2E752BB98FC4}
	EndGlobalSection
EndGlobal
